
Microsoft Visual Studio Solution File, Format Version 12.00
# Visual Studio Version 16
VisualStudioVersion = 16.0.30404.54
MinimumVisualStudioVersion = 10.0.40219.1
Project("{8BC9CEB8-8B4A-11D0-8D11-00A0C91BC942}") = "HelloCVersion2", "HelloCVersion2\HelloCVersion2.vcxproj", "{8380CECB-DC43-4320-9D25-EE851658CEB0}"
EndProject
Global
	GlobalSection(SolutionConfigurationPlatforms) = preSolution
		Debug|x64 = Debug|x64
		Debug|x86 = Debug|x86
		Release|x64 = Release|x64
		Release|x86 = Release|x86
	EndGlobalSection
	GlobalSection(ProjectConfigurationPlatforms) = postSolution
		{8380CECB-DC43-4320-9D25-EE851658CEB0}.Debug|x64.ActiveCfg = Debug|x64
		{8380CECB-DC43-4320-9D25-EE851658CEB0}.Debug|x64.Build.0 = Debug|x64
		{8380CECB-DC43-4320-9D25-EE851658CEB0}.Debug|x86.ActiveCfg = Debug|Win32
		{8380CECB-DC43-4320-9D25-EE851658CEB0}.Debug|x86.Build.0 = Debug|Win32
		{8380CECB-DC43-4320-9D25-EE851658CEB0}.Release|x64.ActiveCfg = Release|x64
		{8380CECB-DC43-4320-9D25-EE851658CEB0}.Release|x64.Build.0 = Release|x64
		{8380CECB-DC43-4320-9D25-EE851658CEB0}.Release|x86.ActiveCfg = Release|Win32
		{8380CECB-DC43-4320-9D25-EE851658CEB0}.Release|x86.Build.0 = Release|Win32
	EndGlobalSection
	GlobalSection(SolutionProperties) = preSolution
		HideSolutionNode = FALSE
	EndGlobalSection
	GlobalSection(ExtensibilityGlobals) = postSolution
		SolutionGuid = {3C6EE842-A089-4C25-942C-DEE5DA9B54EF}
	EndGlobalSection
EndGlobal
